{
  "name": "world-map",
  "lockfileVersion": 2,
  "requires": true,
  "packages": {
    "": {
      "dependencies": {
        "d3-geo": "^3.0.1"
      }
    },
    "node_modules/d3-array": {
      "version": "3.1.5",
      "resolved": "https://registry.npmjs.org/d3-array/-/d3-array-3.1.5.tgz",
      "integrity": "sha512-Rs6syGyepVjAYXWvhiFiVWUM8l4B/0p33tvlS+eXCVOaFrbz1dU7t+T16SJx/frnaLMXmFmKoXg/5aUVXxmMKQ==",
      "dependencies": {
        "internmap": "1 - 2"
      },
      "engines": {
        "node": ">=12"
      }
    },
    "node_modules/d3-geo": {
      "version": "3.0.1",
      "resolved": "https://registry.npmjs.org/d3-geo/-/d3-geo-3.0.1.tgz",
      "integrity": "sha512-Wt23xBych5tSy9IYAM1FR2rWIBFWa52B/oF/GYe5zbdHrg08FU8+BuI6X4PvTwPDdqdAdq04fuWJpELtsaEjeA==",
      "dependencies": {
        "d3-array": "2.5.0 - 3"
      },
      "engines": {
        "node": ">=12"
      }
    },
    "node_modules/internmap": {
      "version": "2.0.3",
      "resolved": "https://registry.npmjs.org/internmap/-/internmap-2.0.3.tgz",
      "integrity": "sha512-5Hh7Y1wQbvY5ooGgPbDaL5iYLAPzMTUrjMulskHLH6wnv/A+1q5rgEaiuqEjB+oxGXIVZs1FF+R/KPN3ZSQYYg==",
      "engines": {
        "node": ">=12"
      }
    }
  },
  "dependencies": {
    "d3-array": {
      "version": "3.1.5",
      "resolved": "https://registry.npmjs.org/d3-array/-/d3-array-3.1.5.tgz",
      "integrity": "sha512-Rs6syGyepVjAYXWvhiFiVWUM8l4B/0p33tvlS+eXCVOaFrbz1dU7t+T16SJx/frnaLMXmFmKoXg/5aUVXxmMKQ==",
      "requires": {
        "internmap": "1 - 2"
      }
    },
    "d3-geo": {
      "version": "3.0.1",
      "resolved": "https://registry.npmjs.org/d3-geo/-/d3-geo-3.0.1.tgz",
      "integrity": "sha512-Wt23xBych5tSy9IYAM1FR2rWIBFWa52B/oF/GYe5zbdHrg08FU8+BuI6X4PvTwPDdqdAdq04fuWJpELtsaEjeA==",
      "requires": {
        "d3-array": "2.5.0 - 3"
      }
    },
    "internmap": {
      "version": "2.0.3",
      "resolved": "https://registry.npmjs.org/internmap/-/internmap-2.0.3.tgz",
      "integrity": "sha512-5Hh7Y1wQbvY5ooGgPbDaL5iYLAPzMTUrjMulskHLH6wnv/A+1q5rgEaiuqEjB+oxGXIVZs1FF+R/KPN3ZSQYYg=="
    }
  }
}
